
Microsoft Visual Studio Solution File, Format Version 12.00
# Visual Studio 15
VisualStudioVersion = 15.0.26124.0
MinimumVisualStudioVersion = 15.0.26124.0
Project("{FAE04EC0-301F-11D3-BF4B-00C04F79EFBC}") = "API", "API\API.csproj", "{D24D7BBE-1DBB-43FF-9E9B-F516667290DF}"
EndProject
Project("{FAE04EC0-301F-11D3-BF4B-00C04F79EFBC}") = "Application", "Application\Application.csproj", "{6020F912-6E48-44B9-A92F-F76DA4A2E586}"
EndProject
Project("{FAE04EC0-301F-11D3-BF4B-00C04F79EFBC}") = "Domain", "Domain\Domain.csproj", "{96077412-094D-4237-B617-4864BA463836}"
EndProject
Project("{FAE04EC0-301F-11D3-BF4B-00C04F79EFBC}") = "Infrastructure", "Infrastructure\Infrastructure.csproj", "{C5AD80DE-1AF3-4124-8706-E77CC88A931F}"
EndProject
Project("{FAE04EC0-301F-11D3-BF4B-00C04F79EFBC}") = "Persistence", "Persistence\Persistence.csproj", "{4BF7F26E-EC46-40D7-9335-9171D74BC5B2}"
EndProject
Global
	GlobalSection(SolutionConfigurationPlatforms) = preSolution
		Debug|Any CPU = Debug|Any CPU
		Debug|x64 = Debug|x64
		Debug|x86 = Debug|x86
		Release|Any CPU = Release|Any CPU
		Release|x64 = Release|x64
		Release|x86 = Release|x86
	EndGlobalSection
	GlobalSection(SolutionProperties) = preSolution
		HideSolutionNode = FALSE
	EndGlobalSection
	GlobalSection(ProjectConfigurationPlatforms) = postSolution
		{D24D7BBE-1DBB-43FF-9E9B-F516667290DF}.Debug|Any CPU.ActiveCfg = Debug|Any CPU
		{D24D7BBE-1DBB-43FF-9E9B-F516667290DF}.Debug|Any CPU.Build.0 = Debug|Any CPU
		{D24D7BBE-1DBB-43FF-9E9B-F516667290DF}.Debug|x64.ActiveCfg = Debug|Any CPU
		{D24D7BBE-1DBB-43FF-9E9B-F516667290DF}.Debug|x64.Build.0 = Debug|Any CPU
		{D24D7BBE-1DBB-43FF-9E9B-F516667290DF}.Debug|x86.ActiveCfg = Debug|Any CPU
		{D24D7BBE-1DBB-43FF-9E9B-F516667290DF}.Debug|x86.Build.0 = Debug|Any CPU
		{D24D7BBE-1DBB-43FF-9E9B-F516667290DF}.Release|Any CPU.ActiveCfg = Release|Any CPU
		{D24D7BBE-1DBB-43FF-9E9B-F516667290DF}.Release|Any CPU.Build.0 = Release|Any CPU
		{D24D7BBE-1DBB-43FF-9E9B-F516667290DF}.Release|x64.ActiveCfg = Release|Any CPU
		{D24D7BBE-1DBB-43FF-9E9B-F516667290DF}.Release|x64.Build.0 = Release|Any CPU
		{D24D7BBE-1DBB-43FF-9E9B-F516667290DF}.Release|x86.ActiveCfg = Release|Any CPU
		{D24D7BBE-1DBB-43FF-9E9B-F516667290DF}.Release|x86.Build.0 = Release|Any CPU
		{6020F912-6E48-44B9-A92F-F76DA4A2E586}.Debug|Any CPU.ActiveCfg = Debug|Any CPU
		{6020F912-6E48-44B9-A92F-F76DA4A2E586}.Debug|Any CPU.Build.0 = Debug|Any CPU
		{6020F912-6E48-44B9-A92F-F76DA4A2E586}.Debug|x64.ActiveCfg = Debug|Any CPU
		{6020F912-6E48-44B9-A92F-F76DA4A2E586}.Debug|x64.Build.0 = Debug|Any CPU
		{6020F912-6E48-44B9-A92F-F76DA4A2E586}.Debug|x86.ActiveCfg = Debug|Any CPU
		{6020F912-6E48-44B9-A92F-F76DA4A2E586}.Debug|x86.Build.0 = Debug|Any CPU
		{6020F912-6E48-44B9-A92F-F76DA4A2E586}.Release|Any CPU.ActiveCfg = Release|Any CPU
		{6020F912-6E48-44B9-A92F-F76DA4A2E586}.Release|Any CPU.Build.0 = Release|Any CPU
		{6020F912-6E48-44B9-A92F-F76DA4A2E586}.Release|x64.ActiveCfg = Release|Any CPU
		{6020F912-6E48-44B9-A92F-F76DA4A2E586}.Release|x64.Build.0 = Release|Any CPU
		{6020F912-6E48-44B9-A92F-F76DA4A2E586}.Release|x86.ActiveCfg = Release|Any CPU
		{6020F912-6E48-44B9-A92F-F76DA4A2E586}.Release|x86.Build.0 = Release|Any CPU
		{96077412-094D-4237-B617-4864BA463836}.Debug|Any CPU.ActiveCfg = Debug|Any CPU
		{96077412-094D-4237-B617-4864BA463836}.Debug|Any CPU.Build.0 = Debug|Any CPU
		{96077412-094D-4237-B617-4864BA463836}.Debug|x64.ActiveCfg = Debug|Any CPU
		{96077412-094D-4237-B617-4864BA463836}.Debug|x64.Build.0 = Debug|Any CPU
		{96077412-094D-4237-B617-4864BA463836}.Debug|x86.ActiveCfg = Debug|Any CPU
		{96077412-094D-4237-B617-4864BA463836}.Debug|x86.Build.0 = Debug|Any CPU
		{96077412-094D-4237-B617-4864BA463836}.Release|Any CPU.ActiveCfg = Release|Any CPU
		{96077412-094D-4237-B617-4864BA463836}.Release|Any CPU.Build.0 = Release|Any CPU
		{96077412-094D-4237-B617-4864BA463836}.Release|x64.ActiveCfg = Release|Any CPU
		{96077412-094D-4237-B617-4864BA463836}.Release|x64.Build.0 = Release|Any CPU
		{96077412-094D-4237-B617-4864BA463836}.Release|x86.ActiveCfg = Release|Any CPU
		{96077412-094D-4237-B617-4864BA463836}.Release|x86.Build.0 = Release|Any CPU
		{C5AD80DE-1AF3-4124-8706-E77CC88A931F}.Debug|Any CPU.ActiveCfg = Debug|Any CPU
		{C5AD80DE-1AF3-4124-8706-E77CC88A931F}.Debug|Any CPU.Build.0 = Debug|Any CPU
		{C5AD80DE-1AF3-4124-8706-E77CC88A931F}.Debug|x64.ActiveCfg = Debug|Any CPU
		{C5AD80DE-1AF3-4124-8706-E77CC88A931F}.Debug|x64.Build.0 = Debug|Any CPU
		{C5AD80DE-1AF3-4124-8706-E77CC88A931F}.Debug|x86.ActiveCfg = Debug|Any CPU
		{C5AD80DE-1AF3-4124-8706-E77CC88A931F}.Debug|x86.Build.0 = Debug|Any CPU
		{C5AD80DE-1AF3-4124-8706-E77CC88A931F}.Release|Any CPU.ActiveCfg = Release|Any CPU
		{C5AD80DE-1AF3-4124-8706-E77CC88A931F}.Release|Any CPU.Build.0 = Release|Any CPU
		{C5AD80DE-1AF3-4124-8706-E77CC88A931F}.Release|x64.ActiveCfg = Release|Any CPU
		{C5AD80DE-1AF3-4124-8706-E77CC88A931F}.Release|x64.Build.0 = Release|Any CPU
		{C5AD80DE-1AF3-4124-8706-E77CC88A931F}.Release|x86.ActiveCfg = Release|Any CPU
		{C5AD80DE-1AF3-4124-8706-E77CC88A931F}.Release|x86.Build.0 = Release|Any CPU
		{4BF7F26E-EC46-40D7-9335-9171D74BC5B2}.Debug|Any CPU.ActiveCfg = Debug|Any CPU
		{4BF7F26E-EC46-40D7-9335-9171D74BC5B2}.Debug|Any CPU.Build.0 = Debug|Any CPU
		{4BF7F26E-EC46-40D7-9335-9171D74BC5B2}.Debug|x64.ActiveCfg = Debug|Any CPU
		{4BF7F26E-EC46-40D7-9335-9171D74BC5B2}.Debug|x64.Build.0 = Debug|Any CPU
		{4BF7F26E-EC46-40D7-9335-9171D74BC5B2}.Debug|x86.ActiveCfg = Debug|Any CPU
		{4BF7F26E-EC46-40D7-9335-9171D74BC5B2}.Debug|x86.Build.0 = Debug|Any CPU
		{4BF7F26E-EC46-40D7-9335-9171D74BC5B2}.Release|Any CPU.ActiveCfg = Release|Any CPU
		{4BF7F26E-EC46-40D7-9335-9171D74BC5B2}.Release|Any CPU.Build.0 = Release|Any CPU
		{4BF7F26E-EC46-40D7-9335-9171D74BC5B2}.Release|x64.ActiveCfg = Release|Any CPU
		{4BF7F26E-EC46-40D7-9335-9171D74BC5B2}.Release|x64.Build.0 = Release|Any CPU
		{4BF7F26E-EC46-40D7-9335-9171D74BC5B2}.Release|x86.ActiveCfg = Release|Any CPU
		{4BF7F26E-EC46-40D7-9335-9171D74BC5B2}.Release|x86.Build.0 = Release|Any CPU
	EndGlobalSection
EndGlobal
